{
  "version": 4,
  "terraform_version": "1.3.7",
  "serial": 6,
  "lineage": "33913732-a5e3-e0d6-d21f-cac779797a74",
  "outputs": {},
  "resources": [
    {
      "mode": "managed",
      "type": "google_compute_firewall",
      "name": "todo_firewall",
      "provider": "provider[\"registry.terraform.io/hashicorp/google\"]",
      "instances": [
        {
          "schema_version": 1,
          "attributes": {
            "allow": [
              {
                "ports": [
                  "22",
                  "80",
                  "443"
                ],
                "protocol": "tcp"
              }
            ],
            "creation_timestamp": "2025-02-27T12:26:36.532-08:00",
            "deny": [],
            "description": "",
            "destination_ranges": [],
            "direction": "INGRESS",
            "disabled": false,
            "enable_logging": null,
            "id": "projects/cedar-setup-448719-v5/global/firewalls/todo-firewall",
            "log_config": [],
            "name": "todo-firewall",
            "network": "https://www.googleapis.com/compute/v1/projects/cedar-setup-448719-v5/global/networks/default",
            "priority": 1000,
            "project": "cedar-setup-448719-v5",
            "self_link": "https://www.googleapis.com/compute/v1/projects/cedar-setup-448719-v5/global/firewalls/todo-firewall",
            "source_ranges": [
              "0.0.0.0/0"
            ],
            "source_service_accounts": null,
            "source_tags": null,
            "target_service_accounts": null,
            "target_tags": null,
            "timeouts": null
          },
          "sensitive_attributes": [],
          "private": "eyJlMmJmYjczMC1lY2FhLTExZTYtOGY4OC0zNDM2M2JjN2M0YzAiOnsiY3JlYXRlIjoxMjAwMDAwMDAwMDAwLCJkZWxldGUiOjEyMDAwMDAwMDAwMDAsInVwZGF0ZSI6MTIwMDAwMDAwMDAwMH0sInNjaGVtYV92ZXJzaW9uIjoiMSJ9"
        }
      ]
    },
    {
      "mode": "managed",
      "type": "google_compute_instance",
      "name": "todo_server",
      "provider": "provider[\"registry.terraform.io/hashicorp/google\"]",
      "instances": [
        {
          "schema_version": 6,
          "attributes": {
            "advanced_machine_features": [],
            "allow_stopping_for_update": null,
            "attached_disk": [],
            "boot_disk": [
              {
                "auto_delete": true,
                "device_name": "persistent-disk-0",
                "disk_encryption_key_raw": "",
                "disk_encryption_key_sha256": "",
                "initialize_params": [
                  {
                    "enable_confidential_compute": false,
                    "image": "https://www.googleapis.com/compute/v1/projects/ubuntu-os-cloud/global/images/ubuntu-2204-jammy-v20230214",
                    "labels": {},
                    "provisioned_iops": 0,
                    "provisioned_throughput": 0,
                    "resource_manager_tags": null,
                    "resource_policies": [],
                    "size": 10,
                    "storage_pool": "",
                    "type": "pd-standard"
                  }
                ],
                "interface": "",
                "kms_key_self_link": "",
                "mode": "READ_WRITE",
                "source": "https://www.googleapis.com/compute/v1/projects/cedar-setup-448719-v5/zones/europe-west9-a/disks/todo-server"
              }
            ],
            "can_ip_forward": false,
            "confidential_instance_config": [],
            "cpu_platform": "Intel Broadwell",
            "creation_timestamp": "2025-02-27T12:26:40.742-08:00",
            "current_status": "RUNNING",
            "deletion_protection": false,
            "description": "",
            "desired_status": null,
            "effective_labels": {
              "goog-terraform-provisioned": "true"
            },
            "enable_display": false,
            "guest_accelerator": [],
            "hostname": "",
            "id": "projects/cedar-setup-448719-v5/zones/europe-west9-a/instances/todo-server",
            "instance_id": "1090189026413868177",
            "key_revocation_action_type": "",
            "label_fingerprint": "vezUS-42LLM=",
            "labels": null,
            "machine_type": "e2-medium",
            "metadata": {
              "ssh-keys": "chinenyeonyema1:ssh-rsa AAAAB3NzaC1yc2EAAAADAQABAAABgQCwYTycUiLws7uWjR03Vy+wPEDXGgWkwwJ0hqGA9GryWI2sMyDDDGg/PgShieihlOPBhDcmPJa+QTqgYOk2de2EVQHim7BF50Yaq7lndAp9ECvKZvRXx325wnIFNukt8iBN1X2plK1b678hXQJgkNiXHK2DY2vbFem8/b4AyRSUtuGuF33a8N9eO9N+n5D4Y9L75N1R+UEVipY72J9xwb/faLgEoRGWTF1+NE2/qN21SyFdstofYO8HxuN360V3W4KvK1EHa4R4K2/Nxq5ukInYtgzNrzL51AFXDahwU0Lxysh0ZtyMI+xuCo1zLE/dFx3T0Mccxpw+FCUe4t9wZL5mUAwgZ9PaXCv8i/eav/s2VSwnn3jVcWk9GP8T78V6m9WmrmesxjtaPvfprSEcItwoSQCfBCkNPqXl7nnbjNs+b3BOCFClWxcPEj3csehT8T1RArq2WvwceQ66JOl7bDThAbz4Ekh72TuhAh4Al/G+/l1/Us2v7TD1d8t3aQ55Wb0= chinenyeonyema1\n"
            },
            "metadata_fingerprint": "xbhA4Idl_II=",
            "metadata_startup_script": "#!/bin/bash\necho $(hostname -I) \u003e /tmp/inventory\n",
            "min_cpu_platform": "",
            "name": "todo-server",
            "network_interface": [
              {
                "access_config": [
                  {
                    "nat_ip": "34.155.47.174",
                    "network_tier": "PREMIUM",
                    "public_ptr_domain_name": ""
                  }
                ],
                "alias_ip_range": [],
                "internal_ipv6_prefix_length": 0,
                "ipv6_access_config": [],
                "ipv6_access_type": "",
                "ipv6_address": "",
                "name": "nic0",
                "network": "https://www.googleapis.com/compute/v1/projects/cedar-setup-448719-v5/global/networks/default",
                "network_ip": "10.200.0.2",
                "nic_type": "",
                "queue_count": 0,
                "stack_type": "IPV4_ONLY",
                "subnetwork": "https://www.googleapis.com/compute/v1/projects/cedar-setup-448719-v5/regions/europe-west9/subnetworks/default",
                "subnetwork_project": "cedar-setup-448719-v5"
              }
            ],
            "network_performance_config": [],
            "params": [],
            "project": "cedar-setup-448719-v5",
            "reservation_affinity": [],
            "resource_policies": null,
            "scheduling": [
              {
                "automatic_restart": true,
                "availability_domain": 0,
                "instance_termination_action": "",
                "local_ssd_recovery_timeout": [],
                "max_run_duration": [],
                "min_node_cpus": 0,
                "node_affinities": [],
                "on_host_maintenance": "MIGRATE",
                "on_instance_stop_action": [],
                "preemptible": false,
                "provisioning_model": "STANDARD"
              }
            ],
            "scratch_disk": [],
            "self_link": "https://www.googleapis.com/compute/v1/projects/cedar-setup-448719-v5/zones/europe-west9-a/instances/todo-server",
            "service_account": [],
            "shielded_instance_config": [
              {
                "enable_integrity_monitoring": true,
                "enable_secure_boot": false,
                "enable_vtpm": true
              }
            ],
            "tags": null,
            "tags_fingerprint": "42WmSpB8rSM=",
            "terraform_labels": {
              "goog-terraform-provisioned": "true"
            },
            "timeouts": null,
            "zone": "europe-west9-a"
          },
          "sensitive_attributes": [],
          "private": "eyJlMmJmYjczMC1lY2FhLTExZTYtOGY4OC0zNDM2M2JjN2M0YzAiOnsiY3JlYXRlIjoxMjAwMDAwMDAwMDAwLCJkZWxldGUiOjEyMDAwMDAwMDAwMDAsInVwZGF0ZSI6MTIwMDAwMDAwMDAwMH0sInNjaGVtYV92ZXJzaW9uIjoiNiJ9"
        }
      ]
    }
  ],
  "check_results": null
}
